// !$*UTF8*$!
{
	archiveVersion = 1;
	classes = {
	};
	objectVersion = 46;
	objects = {

/* Begin PBXBuildFile section */
		98875C3E1F6A9F1B00779307 /* AppDelegate.swift in Sources */ = {isa = PBXBuildFile; fileRef = 98875C3D1F6A9F1B00779307 /* AppDelegate.swift */; };
		98875C401F6A9F1B00779307 /* ViewController.swift in Sources */ = {isa = PBXBuildFile; fileRef = 98875C3F1F6A9F1B00779307 /* ViewController.swift */; };
		98875C431F6A9F1B00779307 /* Main.storyboard in Resources */ = {isa = PBXBuildFile; fileRef = 98875C411F6A9F1B00779307 /* Main.storyboard */; };
		98875C451F6A9F1B00779307 /* Assets.xcassets in Resources */ = {isa = PBXBuildFile; fileRef = 98875C441F6A9F1B00779307 /* Assets.xcassets */; };
		98875C481F6A9F1B00779307 /* LaunchScreen.storyboard in Resources */ = {isa = PBXBuildFile; fileRef = 98875C461F6A9F1B00779307 /* LaunchScreen.storyboard */; };
		98875C501F6AA33300779307 /* TodoList.swift in Sources */ = {isa = PBXBuildFile; fileRef = 98875C4F1F6AA33300779307 /* TodoList.swift */; };
/* End PBXBuildFile section */

/* Begin PBXFileReference section */
		98875C3A1F6A9F1B00779307 /* iDoodlyDum.app */ = {isa = PBXFileReference; explicitFileType = wrapper.application; includeInIndex = 0; path = iDoodlyDum.app; sourceTree = BUILT_PRODUCTS_DIR; };
		98875C3D1F6A9F1B00779307 /* AppDelegate.swift */ = {isa = PBXFileReference; lastKnownFileType = sourcecode.swift; path = AppDelegate.swift; sourceTree = "<group>"; };
		98875C3F1F6A9F1B00779307 /* ViewController.swift */ = {isa = PBXFileReference; lastKnownFileType = sourcecode.swift; path = ViewController.swift; sourceTree = "<group>"; };
		98875C421F6A9F1B00779307 /* Base */ = {isa = PBXFileReference; lastKnownFileType = file.storyboard; name = Base; path = Base.lproj/Main.storyboard; sourceTree = "<group>"; };
		98875C441F6A9F1B00779307 /* Assets.xcassets */ = {isa = PBXFileReference; lastKnownFileType = folder.assetcatalog; path = Assets.xcassets; sourceTree = "<group>"; };
		98875C471F6A9F1B00779307 /* Base */ = {isa = PBXFileReference; lastKnownFileType = file.storyboard; name = Base; path = Base.lproj/LaunchScreen.storyboard; sourceTree = "<group>"; };
		98875C491F6A9F1B00779307 /* Info.plist */ = {isa = PBXFileReference; lastKnownFileType = text.plist.xml; path = Info.plist; sourceTree = "<group>"; };
		98875C4F1F6AA33300779307 /* TodoList.swift */ = {isa = PBXFileReference; fileEncoding = 4; lastKnownFileType = sourcecode.swift; path = TodoList.swift; sourceTree = "<group>"; };
/* End PBXFileReference section */

/* Begin PBXFrameworksBuildPhase section */
		98875C371F6A9F1B00779307 /* Frameworks */ = {
			isa = PBXFrameworksBuildPhase;
			buildActionMask = 2147483647;
			files = (
			);
			runOnlyForDeploymentPostprocessing = 0;
		};
/* End PBXFrameworksBuildPhase section */

/* Begin PBXGroup section */
		98875C311F6A9F1B00779307 = {
			isa = PBXGroup;
			children = (
				98875C3C1F6A9F1B00779307 /* iDoodlyDum */,
				98875C3B1F6A9F1B00779307 /* Products */,
			);
			sourceTree = "<group>";
		};
		98875C3B1F6A9F1B00779307 /* Products */ = {
			isa = PBXGroup;
			children = (
				98875C3A1F6A9F1B00779307 /* iDoodlyDum.app */,
			);
			name = Products;
			sourceTree = "<group>";
		};
		98875C3C1F6A9F1B00779307 /* iDoodlyDum */ = {
			isa = PBXGroup;
			children = (
				98875C3D1F6A9F1B00779307 /* AppDelegate.swift */,
				98875C3F1F6A9F1B00779307 /* ViewController.swift */,
				98875C411F6A9F1B00779307 /* Main.storyboard */,
				98875C441F6A9F1B00779307 /* Assets.xcassets */,
				98875C461F6A9F1B00779307 /* LaunchScreen.storyboard */,
				98875C491F6A9F1B00779307 /* Info.plist */,
				98875C4F1F6AA33300779307 /* TodoList.swift */,
			);
			path = iDoodlyDum;
			sourceTree = "<group>";
		};
/* End PBXGroup section */

/* Begin PBXNativeTarget section */
		98875C391F6A9F1B00779307 /* iDoodlyDum */ = {
			isa = PBXNativeTarget;
			buildConfigurationList = 98875C4C1F6A9F1B00779307 /* Build configuration list for PBXNativeTarget "iDoodlyDum" */;
			buildPhases = (
				98875C361F6A9F1B00779307 /* Sources */,
				98875C371F6A9F1B00779307 /* Frameworks */,
				98875C381F6A9F1B00779307 /* Resources */,
			);
			buildRules = (
			);
			dependencies = (
			);
			name = iDoodlyDum;
			productName = iDoodlyDum;
			productReference = 98875C3A1F6A9F1B00779307 /* iDoodlyDum.app */;
			productType = "com.apple.product-type.application";
		};
/* End PBXNativeTarget section */

/* Begin PBXProject section */
		98875C321F6A9F1B00779307 /* Project object */ = {
			isa = PBXProject;
			attributes = {
				LastSwiftUpdateCheck = 0830;
				LastUpgradeCheck = 0830;
				ORGANIZATIONNAME = Gertjan;
				TargetAttributes = {
					98875C391F6A9F1B00779307 = {
						CreatedOnToolsVersion = 8.3.3;
						ProvisioningStyle = Automatic;
					};
				};
			};
			buildConfigurationList = 98875C351F6A9F1B00779307 /* Build configuration list for PBXProject "iDoodlyDum" */;
			compatibilityVersion = "Xcode 3.2";
			developmentRegion = English;
			hasScannedForEncodings = 0;
			knownRegions = (
				en,
				Base,
			);
			mainGroup = 98875C311F6A9F1B00779307;
			productRefGroup = 98875C3B1F6A9F1B00779307 /* Products */;
			projectDirPath = "";
			projectRoot = "";
			targets = (
				98875C391F6A9F1B00779307 /* iDoodlyDum */,
			);
		};
/* End PBXProject section */

/* Begin PBXResourcesBuildPhase section */
		98875C381F6A9F1B00779307 /* Resources */ = {
			isa = PBXResourcesBuildPhase;
			buildActionMask = 2147483647;
			files = (
				98875C481F6A9F1B00779307 /* LaunchScreen.storyboard in Resources */,
				98875C451F6A9F1B00779307 /* Assets.xcassets in Resources */,
				98875C431F6A9F1B00779307 /* Main.storyboard in Resources */,
			);
			runOnlyForDeploymentPostprocessing = 0;
		};
/* End PBXResourcesBuildPhase section */

/* Begin PBXSourcesBuildPhase section */
		98875C361F6A9F1B00779307 /* Sources */ = {
			isa = PBXSourcesBuildPhase;
			buildActionMask = 2147483647;
			files = (
				98875C501F6AA33300779307 /* TodoList.swift in Sources */,
				98875C401F6A9F1B00779307 /* ViewController.swift in Sources */,
				98875C3E1F6A9F1B00779307 /* AppDelegate.swift in Sources */,
			);
			runOnlyForDeploymentPostprocessing = 0;
		};
/* End PBXSourcesBuildPhase section */

/* Begin PBXVariantGroup section */
		98875C411F6A9F1B00779307 /* Main.storyboard */ = {
			isa = PBXVariantGroup;
			children = (
				98875C421F6A9F1B00779307 /* Base */,
			);
			name = Main.storyboard;
			sourceTree = "<group>";
		};
		98875C461F6A9F1B00779307 /* LaunchScreen.storyboard */ = {
			isa = PBXVariantGroup;
			children = (
				98875C471F6A9F1B00779307 /* Base */,
			);
			name = LaunchScreen.storyboard;
			sourceTree = "<group>";
		};
/* End PBXVariantGroup section */

/* Begin XCBuildConfiguration section */
		98875C4A1F6A9F1B00779307 /* Debug */ = {
			isa = XCBuildConfiguration;
			buildSettings = {
				ALWAYS_SEARCH_USER_PATHS = NO;
				CLANG_ANALYZER_NONNULL = YES;
				CLANG_ANALYZER_NUMBER_OBJECT_CONVERSION = YES_AGGRESSIVE;
				CLANG_CXX_LANGUAGE_STANDARD = "gnu++0x";
				CLANG_CXX_LIBRARY = "libc++";
				CLANG_ENABLE_MODULES = YES;
				CLANG_ENABLE_OBJC_ARC = YES;
				CLANG_WARN_BOOL_CONVERSION = YES;
				CLANG_WARN_CONSTANT_CONVERSION = YES;
				CLANG_WARN_DIRECT_OBJC_ISA_USAGE = YES_ERROR;
				CLANG_WARN_DOCUMENTATION_COMMENTS = YES;
				CLANG_WARN_EMPTY_BODY = YES;
				CLANG_WARN_ENUM_CONVERSION = YES;
				CLANG_WARN_INFINITE_RECURSION = YES;
				CLANG_WARN_INT_CONVERSION = YES;
				CLANG_WARN_OBJC_ROOT_CLASS = YES_ERROR;
				CLANG_WARN_SUSPICIOUS_MOVE = YES;
				CLANG_WARN_UNREACHABLE_CODE = YES;
				CLANG_WARN__DUPLICATE_METHOD_MATCH = YES;
				"CODE_SIGN_IDENTITY[sdk=iphoneos*]" = "iPhone Developer";
				COPY_PHASE_STRIP = NO;
				DEBUG_INFORMATION_FORMAT = dwarf;
				ENABLE_STRICT_OBJC_MSGSEND = YES;
				ENABLE_TESTABILITY = YES;
				GCC_C_LANGUAGE_STANDARD = gnu99;
				GCC_DYNAMIC_NO_PIC = NO;
				GCC_NO_COMMON_BLOCKS = YES;
				GCC_OPTIMIZATION_LEVEL = 0;
				GCC_PREPROCESSOR_DEFINITIONS = (
					"DEBUG=1",
					"$(inherited)",
				);
				GCC_WARN_64_TO_32_BIT_CONVERSION = YES;
				GCC_WARN_ABOUT_RETURN_TYPE = YES_ERROR;
				GCC_WARN_UNDECLARED_SELECTOR = YES;
				GCC_WARN_UNINITIALIZED_AUTOS = YES_AGGRESSIVE;
				GCC_WARN_UNUSED_FUNCTION = YES;
				GCC_WARN_UNUSED_VARIABLE = YES;
				IPHONEOS_DEPLOYMENT_TARGET = 10.3;
				MTL_ENABLE_DEBUG_INFO = YES;
				ONLY_ACTIVE_ARCH = YES;
				SDKROOT = iphoneos;
				SWIFT_ACTIVE_COMPILATION_CONDITIONS = DEBUG;
				SWIFT_OPTIMIZATION_LEVEL = "-Onone";
			};
			name = Debug;
		};
		98875C4B1F6A9F1B00779307 /* Release */ = {
			isa = XCBuildConfiguration;
			buildSettings = {
				ALWAYS_SEARCH_USER_PATHS = NO;
				CLANG_ANALYZER_NONNULL = YES;
				CLANG_ANALYZER_NUMBER_OBJECT_CONVERSION = YES_AGGRESSIVE;
				CLANG_CXX_LANGUAGE_STANDARD = "gnu++0x";
				CLANG_CXX_LIBRARY = "libc++";
				CLANG_ENABLE_MODULES = YES;
				CLANG_ENABLE_OBJC_ARC = YES;
				CLANG_WARN_BOOL_CONVERSION = YES;
				CLANG_WARN_CONSTANT_CONVERSION = YES;
				CLANG_WARN_DIRECT_OBJC_ISA_USAGE = YES_ERROR;
				CLANG_WARN_DOCUMENTATION_COMMENTS = YES;
				CLANG_WARN_EMPTY_BODY = YES;
				CLANG_WARN_ENUM_CONVERSION = YES;
				CLANG_WARN_INFINITE_RECURSION = YES;
				CLANG_WARN_INT_CONVERSION = YES;
				CLANG_WARN_OBJC_ROOT_CLASS = YES_ERROR;
				CLANG_WARN_SUSPICIOUS_MOVE = YES;
				CLANG_WARN_UNREACHABLE_CODE = YES;
				CLANG_WARN__DUPLICATE_METHOD_MATCH = YES;
				"CODE_SIGN_IDENTITY[sdk=iphoneos*]" = "iPhone Developer";
				COPY_PHASE_STRIP = NO;
				DEBUG_INFORMATION_FORMAT = "dwarf-with-dsym";
				ENABLE_NS_ASSERTIONS = NO;
				ENABLE_STRICT_OBJC_MSGSEND = YES;
				GCC_C_LANGUAGE_STANDARD = gnu99;
				GCC_NO_COMMON_BLOCKS = YES;
				GCC_WARN_64_TO_32_BIT_CONVERSION = YES;
				GCC_WARN_ABOUT_RETURN_TYPE = YES_ERROR;
				GCC_WARN_UNDECLARED_SELECTOR = YES;
				GCC_WARN_UNINITIALIZED_AUTOS = YES_AGGRESSIVE;
				GCC_WARN_UNUSED_FUNCTION = YES;
				GCC_WARN_UNUSED_VARIABLE = YES;
				IPHONEOS_DEPLOYMENT_TARGET = 10.3;
				MTL_ENABLE_DEBUG_INFO = NO;
				SDKROOT = iphoneos;
				SWIFT_OPTIMIZATION_LEVEL = "-Owholemodule";
				VALIDATE_PRODUCT = YES;
			};
			name = Release;
		};
		98875C4D1F6A9F1B00779307 /* Debug */ = {
			isa = XCBuildConfiguration;
			buildSettings = {
				ASSETCATALOG_COMPILER_APPICON_NAME = AppIcon;
				INFOPLIST_FILE = iDoodlyDum/Info.plist;
				LD_RUNPATH_SEARCH_PATHS = "$(inherited) @executable_path/Frameworks";
				PRODUCT_BUNDLE_IDENTIFIER = com.gertjan.iDoodlyDum;
				PRODUCT_NAME = "$(TARGET_NAME)";
				SWIFT_VERSION = 3.0;
			};
			name = Debug;
		};
		98875C4E1F6A9F1B00779307 /* Release */ = {
			isa = XCBuildConfiguration;
			buildSettings = {
				ASSETCATALOG_COMPILER_APPICON_NAME = AppIcon;
				INFOPLIST_FILE = iDoodlyDum/Info.plist;
				LD_RUNPATH_SEARCH_PATHS = "$(inherited) @executable_path/Frameworks";
				PRODUCT_BUNDLE_IDENTIFIER = com.gertjan.iDoodlyDum;
				PRODUCT_NAME = "$(TARGET_NAME)";
				SWIFT_VERSION = 3.0;
			};
			name = Release;
		};
/* End XCBuildConfiguration section */

/* Begin XCConfigurationList section */
		98875C351F6A9F1B00779307 /* Build configuration list for PBXProject "iDoodlyDum" */ = {
			isa = XCConfigurationList;
			buildConfigurations = (
				98875C4A1F6A9F1B00779307 /* Debug */,
				98875C4B1F6A9F1B00779307 /* Release */,
			);
			defaultConfigurationIsVisible = 0;
			defaultConfigurationName = Release;
		};
		98875C4C1F6A9F1B00779307 /* Build configuration list for PBXNativeTarget "iDoodlyDum" */ = {
			isa = XCConfigurationList;
			buildConfigurations = (
				98875C4D1F6A9F1B00779307 /* Debug */,
				98875C4E1F6A9F1B00779307 /* Release */,
			);
			defaultConfigurationIsVisible = 0;
		};
/* End XCConfigurationList section */
	};
	rootObject = 98875C321F6A9F1B00779307 /* Project object */;
}
